version = 1
revision = 3
requires-python = ">=3.13"

[[package]]
name = "gleaf"
version = "0.1.0"
source = { git = "https://github.com/Plazio108/gleaf.git#e39a874fa9bcca3879b3d48adc8d7a5608ea5913" }

[[package]]
name = "oakey"
version = "0.1.0"
source = { git = "https://github.com/Plazio108/oakey.git#150aa4af537ca1cb36657ac078f863912df1a2d0" }

[[package]]
name = "tuia"
version = "0.1.0"
source = { editable = "." }
dependencies = [
    { name = "gleaf" },
    { name = "oakey" },
]

[package.metadata]
requires-dist = [
    { name = "gleaf", git = "https://github.com/Plazio108/gleaf.git" },
    { name = "oakey", git = "https://github.com/Plazio108/oakey.git" },
]
