version = 1
revision = 3
requires-python = ">=3.13"

[[package]]
name = "gleaf"
version = "0.1.0"
source = { git = "https://github.com/Plazio108/gleaf.git#00e2ac1fd47d748b4eda75fefd129c234dea558c" }

[[package]]
name = "oakey"
version = "0.1.0"
source = { git = "https://github.com/Plazio108/oakey.git#268e2748f1b80e3d68ab2034640bcab4dd85f793" }

[[package]]
name = "tuia"
version = "0.1.0"
source = { editable = "." }
dependencies = [
    { name = "gleaf" },
    { name = "oakey" },
]

[package.metadata]
requires-dist = [
    { name = "gleaf", git = "https://github.com/Plazio108/gleaf.git" },
    { name = "oakey", git = "https://github.com/Plazio108/oakey.git" },
]
